Started by user [8mha:////4Jz7Jd/zYro15VdU1kJsk+Rjc0h8S9kfizF8PzAyxtxgAAAAnR+LCAAAAAAAAP9b85aBtbiIQTGjNKU4P08vOT+vOD8nVc83PyU1x6OyILUoJzMv2y+/JJUBAhiZGBgqihhk0NSjKDWzXb3RdlLBUSYGJk8GtpzUvPSSDB8G5tKinBIGIZ+sxLJE/ZzEvHT94JKizLx0a6BxUmjGOUNodHsLgAzmEgZB/dLi1CL9lKKyzLz8ksy8knwAL0LADMYAAAA=[0masd
[8mha:////4MNo/H2Od7mFcLPm/FXmQAYhOOFutOE7kW3mWoy1cZ1RAAAAoh+LCAAAAAAAAP9tjTEOwjAQBM8BClpKHuFItIiK1krDC0x8GCfWnbEdkooX8TX+gCESFVvtrLSa5wtWKcKBo5UdUu8otU4GP9jS5Mixv3geZcdn2TIl9igbHBs2eJyx4YwwR1SwULBGaj0nRzbDRnX6rmuvydanHMu2V1A5c4MHCFXMWcf8hSnC9jqYxPTz/BXAFEIGsfuclm8zQVqFvQAAAA==[0m[Pipeline] Start of Pipeline
[8mha:////4KXLlXWj7Va26X5Acoko96tzrtPd46wgDs484z4w5RDjAAAApR+LCAAAAAAAAP9tjTEOwjAUQ3+KOrAycohUghExsUZZOEFIQkgb/d8mKe3EibgadyBQiQlLlmxL1nu+oE4RjhQdby12HpP2vA+jK4lPFLtroIm3dOGaMFGwXNpJkrGnpUrKFhaxClYC1hZ1oOTRZdiIVt1VExS65pxj2Q4CKm8GeAAThZxVzN8yR9jeRpMIf5y/AJj7DGxXvP/86jduZBmjwAAAAA==[0m[Pipeline] node
Running on [8mha:////4JDAyvzWpEO1gm2inzr762Vo44kX6U0xRh2NsMF6xCs1AAAAoR+LCAAAAAAAAP9b85aBtbiIQTGjNKU4P08vOT+vOD8nVc83PyU1x6OyILUoJzMv2y+/JJUBAhiZGBgqihhk0NSjKDWzXb3RdlLBUSYGJk8GtpzUvPSSDB8G5tKinBIGIZ+sxLJE/ZzEvHT94JKizLx0a6BxUmjGOUNodHsLgAz2EgZR/eT83ILSktQifY2k0sycEt3MPE19AHHxbH3KAAAA[0mJenkins in /var/jenkins_home/workspace/stickers_app_project
[8mha:////4M/0NdITTNj3dyB9Wp1iUuvlgme6OFLrJWg9cFNx+SeVAAAApR+LCAAAAAAAAP9tjTEOwjAUQ3+KOrAycoh0gA0xsUZZOEFIQkgb/d8mKe3EibgadyBQiQlLlmxL1nu+oE4RjhQdby12HpP2vA+jK4lPFLtroIm3dOGaMFGwXNpJkrGnpUrKFhaxClYC1hZ1oOTRZdiIVt1VExS65pxj2Q4CKm8GeAAThZxVzN8yR9jeRpMIf5y/AJj7DGxXvP/86jfoP95RwAAAAA==[0m[Pipeline] {
[8mha:////4FfYqLxL8dzPtR7/hZCvyn2UBmczZOxkNmumrn80DE2wAAAApR+LCAAAAAAAAP9tjTEOwjAUQ3+KOrAycoh0gQkxsUZZOEFIQkgb/d8mKe3EibgadyBQiQlLlmxL1nu+oE4RjhQdby12HpP2vA+jK4lPFLtroIm3dOGaMFGwXNpJkrGnpUrKFhaxClYC1hZ1oOTRZdiIVt1VExS65pxj2Q4CKm8GeAAThZxVzN8yR9jeRpMIf5y/AJj7DGxXvP/86jc09154wAAAAA==[0m[Pipeline] withEnv
[8mha:////4DuZK6zdc7VTxCj4uUKmLUAeq0lXS2fFjA1XT13497fCAAAApR+LCAAAAAAAAP9tjTEOwjAUQ3+KOrAycoh0ggUxsUZZOEFIQkgb/d8mKe3EibgadyBQiQlLlmxL1nu+oE4RjhQdby12HpP2vA+jK4lPFLtroIm3dOGaMFGwXNpJkrGnpUrKFhaxClYC1hZ1oOTRZdiIVt1VExS65pxj2Q4CKm8GeAAThZxVzN8yR9jeRpMIf5y/AJj7DGxXvP/86jek7ggRwAAAAA==[0m[Pipeline] {
[8mha:////4JCRPPcQZSM+TGQzf7ql5GJ2rCMxx9aLR6pxYqSwAeGiAAAApR+LCAAAAAAAAP9tjTEOwjAUQ3+KOrAycoh0gwExsUZZOEFIQkgb/d8mKe3EibgadyBQiQlLlmxL1nu+oE4RjhQdby12HpP2vA+jK4lPFLtroIm3dOGaMFGwXNpJkrGnpUrKFhaxClYC1hZ1oOTRZdiIVt1VExS65pxj2Q4CKm8GeAAThZxVzN8yR9jeRpMIf5y/AJj7DGxXvP/86jcChmMxwAAAAA==[0m[Pipeline] stage
[8mha:////4OP3UA/SGsgUlYwNQw5/nqEnypwam7lIqBjoVuSpU2hcAAAApR+LCAAAAAAAAP9tjTEOwjAUQ3+KOrAycoh0BAkxsUZZOEFIQkgb/d8mKe3EibgadyBQiQlLlmxL1nu+oE4RjhQdby12HpP2vA+jK4lPFLtroIm3dOGaMFGwXNpJkrGnpUrKFhaxClYC1hZ1oOTRZdiIVt1VExS65pxj2Q4CKm8GeAAThZxVzN8yR9jeRpMIf5y/AJj7DGxXvP/86jfpX/cvwAAAAA==[0m[Pipeline] { (Declarative: Tool Install)
[8mha:////4IhK5QXXa90dEswi1UuuqeIaqBo1V45ggFou726OwEs9AAAAoh+LCAAAAAAAAP9tjTEOAiEURD9rLGwtPQTbaoyVLaHxBMgiwpL/WWDdrTyRV/MOEjexcpJJ5k3zXm9Y5wQnSpZ7g73DrB2PYbR18YlSfws0cU9XrgkzBcOlmSR15rygpGJgCWtgJWBjUAfKDm2BrfDqodqg0LaXkup3FNC4boAnMFHNRaXyhTnB7j52mfDn+SuAORZg+9pD/AAeoCAqvAAAAA==[0m[Pipeline] tool
[8mha:////4PKy4e2Rn3o1yFWVLFPMIXmWEt8TFPPdJKXPxL8xWe0vAAAAox+LCAAAAAAAAP9tjTEOwjAQBDdBFLSUPMKBDglR0VppeIFJjHFi3QX7QlLxIr7GH4iIRMVWO9PM641lijhydKqx1HpKlVdd6N301MCxvQYeVMMXVTElDlaVdii5tqcZSxaLeVmOhcbKUhU4eXKCtW7MwxTBkCvOEid30Mh9fccTmZ7KYqJ8YYzY3Po6Mf06fwMYO0G2F+S7bfcBITL9lL0AAAA=[0m[Pipeline] envVarsForTool
[8mha:////4L3bpiuCisp3tu7PVADvmXl7USXrPSM7ruM8kDhB+YWHAAAAox+LCAAAAAAAAP9tjbEOgjAURS8YB1dHP6KEzcQ4uTYsfkGFWgvNe9g+hMkv8tf8B4kkTt7pnrOc1xvrFHHk6FRrqfOUaq/6MLj5qZFjdw08qpYvqmZKHKyq7FhxY08LViwWy7IcK42NpTpw8uQEW92ahymCIVecJc7uoJH75o4nMj2XxUT5whSxuw1NYvp1/gYw9YJsL8jLsv8AYAPmjb0AAAA=[0m[Pipeline] tool
[8mha:////4FhqVHRN7IDHGxE8bfklHnL7mCNPKpzHvmOmTOPnt4lvAAAAox+LCAAAAAAAAP9tjTEOwjAQBDdBFLSUPMIRVEiIitZKwwtMYowT6y7YF5KKF/E1/kBEJCq22plmXm8sU8SRo1ONpdZTqrzqQu+mpwaO7TXwoBq+qIopcbCqtEPJtT3NWLJYzMtyLDRWlqrAyZMTrHVjHqYIhlxxlji5g0bu6zueyPRUFhPlC2PE5tbXienX+RvA2AmyvSDf7roPo1DLpr0AAAA=[0m[Pipeline] envVarsForTool
[8mha:////4AWrOx677AQp8KYkIA6JlcdxpdVoUN6bVpnHdlvuDz4EAAAApB+LCAAAAAAAAP9tjTEOwjAQBDdBFLSUPMIRokFCVLRWGl5gEmOcWHfBvpBUvIiv8QciIlGx1c4083pjmSKOHJ1qLLWeUuVVF3o3PTVwbK+BB9XwRVVMiYNVpR1Kru1pxpLFYl6WY6GxslQFTp6cYK0b8zBFMOSKs8TJHTRyX9/xRKanspgoXxgjNre+Tky/zt8Axq4T5NudINt/AH4dU5y9AAAA[0m[Pipeline] }
[8mha:////4IEfV7g7iWOIq5sDurPBgGdoA6DKautwGbM3JWl/3ocXAAAApB+LCAAAAAAAAP9tjTEOwjAQBDdBFLSUPMIREhIFoqK10vACkxjjxLoL9oWk4kV8jT8QEYmKrXammdcbyxRx5OhUY6n1lCqvutC76amBY3sNPKiGL6piShysKu1Qcm1PM5YsFvOyHAuNlaUqcPLkBGvdmIcpgiFXnCVO7qCR+/qOJzI9lcVE+cIYsbn1dWL6df4GMHadIN/uBNn+A//czL69AAAA[0m[Pipeline] // stage
[8mha:////4DmFzNlsPh56LXp9lTcQHKtBm3ca9dQUHR8Vv7t73kA1AAAAph+LCAAAAAAAAP9tjTEOwjAQBM9BKWgpeYQjCmgQFa3lhheY2Bgn1l2wLyQVL+Jr/IFAJCq22llpNc8XlDnBgZKXjcM2YK6D7GLvpyYHSu0l0iAbOsuaMFN0UrtBk3XHGTWxgzmigIWCpcM6Ug7oGVaqMXdTRYO+OnGatr2CItgbPECoycwm8RfGBOtrbzPhz/NXAGPHIHYMxWb7OZZvxMyLWcEAAAA=[0m[Pipeline] withEnv
[8mha:////4Dv4nNSNRj4RQib0JVX1JQjNeyOLhW/fmjXT87XcMkecAAAApx+LCAAAAAAAAP9tjTEOwjAUQ3+LOrAycohUDLAgpq5RFk4QmhDSRv+Xn5R24kRcjTvQUokJD5ZtyXqvNxSR4UTsRGOx9RhrL7rQuymJgbi9BhpEQxdRE0YKVig7KDK2WqqiZGFRlsNKwtpiHSh6dAk2stEPXQaNrjwnnrajhNybOzwhkxM5aU7fMjJsb72JhD/OXwCMXYJ8t5/tMD+LD/s94rDCAAAA[0m[Pipeline] {
[8mha:////4FUg+Nj4MX0dKOZlaTM1W7wMsns5I1Qy5VOsxulbfVZpAAAApx+LCAAAAAAAAP9tjTEOwjAUQ3+LOrAycohULDAgpq5RFk4QmhDSRv+Xn5R24kRcjTvQUokJD5ZtyXqvNxSR4UTsRGOx9RhrL7rQuymJgbi9BhpEQxdRE0YKVig7KDK2WqqiZGFRlsNKwtpiHSh6dAk2stEPXQaNrjwnnrajhNybOzwhkxM5aU7fMjJsb72JhD/OXwCMXYJ8t5/tMD+LD1+IXOLCAAAA[0m[Pipeline] stage
[8mha:////4NBumAcn0eQTUGZlMPwb5C1F+aBP8dwxJSbK2dq0TEyuAAAApx+LCAAAAAAAAP9tjTEOwjAUQ3+LOrAycohUTCAhpq5RFk4QmhDSRv+Xn5R24kRcjTvQUokJD5ZtyXqvNxSR4UTsRGOx9RhrL7rQuymJgbi9BhpEQxdRE0YKVig7KDK2WqqiZGFRlsNKwtpiHSh6dAk2stEPXQaNrjwnnrajhNybOzwhkxM5aU7fMjJsb72JhD/OXwCMXYJ8t5/tMD+LD0rlhNLCAAAA[0m[Pipeline] { (Checkout)
[8mha:////4KhdRzstJPd9ixdZszwfZkrWbNEnjyU3SymSF4BLeV3HAAAApB+LCAAAAAAAAP9tjTEOwjAQBC9BFLSUPOIiOhCiSmu54QUmNsaJdWdsh6TiRXyNPxCIRMUWq51t5vmCZYpw5GixNdQ5So3D4Hs7LRw4dhfPA7Z8xoYpsTcozSBZm3pGydnAnKKEhYCVocZzcmQzrEWr7qryimx1ynH6DgJKp2/wgEJM5qxi/sIYYXPtdWL6ef4KYAwZyu3uU/vwBr2eB0O+AAAA[0m[Pipeline] tool
[8mha:////4If7cVz7yDTLcfnyUn2oXqn5ComXcF7NtydsAtEgyRbdAAAApR+LCAAAAAAAAP9tjTEOwjAQBC9BFLSUPOICVEgoFa3lhheYxBgn1l2wHZyKF/E1/oBFJCq2WO1sM683LIOHmr3BTlNvKTQWBzeavDCx76+OE3Z8wYYpsNModZLc6tOMkqOGOUUJCwErTY3jYMlEWItOPVTlFJnqHH3+jgJK297hCYXI5qh8/MLkYXMb28D08/wVwDREKHeHXPvt8AGtm4OQvgAAAA==[0m[Pipeline] envVarsForTool
[8mha:////4IrIrzMT8SiLgpYgpNEeJF68ZJdfxMBpXYAM601JxSgjAAAApR+LCAAAAAAAAP9tjTEOwjAQBC9BFLSUPOKiUCEhqrRWGl5gYmOcWHfGdkgqXsTX+AMWkajYYrWzzbzesI4BThwM9poGS7Gz6N1o8sKJw3B1PGHPF+yYIjuNrZ5aVrpZsOWkYUlRwkrARlPnOFoyCbailw9ZOUmmOqeQv6OA0qo7PKEQ2ZxkSF+YA+xuo4pMP89fAcw+QVkfcu1r/wHsqpiJvgAAAA==[0m[Pipeline] tool
[8mha:////4L7+NGX/+9XbuViEXc8Lngye33xXe/zz7qVW0sySusAKAAAApR+LCAAAAAAAAP9tjTEOwjAQBC9BFLSUPMIRqZAQVVorDS8w8WGcWHfGdkgqXsTX+AMWkajYYrWzzbzesI4BThyM6JEGS7GzwrvR5CUmDsPV8SR6voiOKbJD0eLUssZmwZYTwpKihJWEDVLnOFoyCbayVw9VOUWmOqeQv6OE0uo7PKGQ2ZxUSF+YA+xuo45MP89fAcw+Qbk/5Kpr/wEv+bWivgAAAA==[0m[Pipeline] envVarsForTool
[8mha:////4L9SOwh2dUS+LmFSt7QN/7WM5Nnq35UjEeZErOYmjM86AAAAqB+LCAAAAAAAAP9tjTEOwjAUQ3+LOrAycohUwIKEOrFGXThBaEJIGv1fkpR04kRcjTsQqMSEB8u2ZL3nC6rgoSGvmVXYGwydYYMbdU4ske8vjhKzdGYdYSCnWKtSS1Id59pSVDCrKGHBYamwcxQM6ggrbsVd1E6grk/R5+3AoTTyBg8oeCZH4eO3TB7W11EGwh/nLwCmIUK52Wfb7j7P6g3S+1MawgAAAA==[0m[Pipeline] withEnv
[8mha:////4Dn+xLMcTOcCdRb/sIm6dNJm8jIIdh6l4NbjV6MQFhM7AAAApx+LCAAAAAAAAP9tjTEOwjAUQ3+LOrAycohUAjbE1DXKwglCE0La6P/yk9JOnIircQdaKjHhwbItWe/1hiIynIidaCy2HmPtRRd6NyUxELfXQINo6CJqwkjBCmUHRcZWS1WULCzKclhJWFusA0WPLsFGNvqhy6DRlefE03aUkHtzhydkciInzelbRobtrTeR8Mf5C4CxS5Dv9rMd5mfxAd6e6VPCAAAA[0m[Pipeline] {
[8mha:////4A7SC3695fUKlmEEr5yUemTbQOujGh1uKsx82Y1YQ/V+AAAApB+LCAAAAAAAAP9tjTEOwjAQBC9BFLSUPOIiIagQVVrLDS8wsTFOrDtjOyQVL+Jr/IFAJCq2WO1sM88XLFOEI0eLraHOUWocBt/baeHAsbt4HrDlMzZMib1BaQbJ2tQzSs4G5hQlLASsDDWekyObYS1adVeVV2SrU47TdxBQOn2DBxRiMmcV8xfGCJtrrxPTz/NXAGPIUG53n9qHN38C26S+AAAA[0m[Pipeline] sh
+ mkdir -p app
[8mha:////4PiCX/3xuV4DAqOXQ2G05nHy4Ma8UDn3sOiON6rY8VtPAAAApR+LCAAAAAAAAP9tjTEOwjAQBC9BFLSUPOIiIUSDqNJabniBiY1xYt0Z2yGpeBFf4w8EIlGxxWpnm3m+YJkiHDlabA11jlLjMPjeTgsHjt3F84Atn7FhSuwNSjNI1qaeUXI2MKcoYSFgZajxnBzZDGvRqruqvCJbnXKcvoOA0ukbPKAQkzmrmL8wRthce52Yfp6/AhhDhnK7+9Q+vAG8UfaPvgAAAA==[0m[Pipeline] sh
+ cd app
[8mha:////4C/mtJr3SvisCHG4ljWJVqQzo23Oa4LF+NC8l12ZfE+oAAAApR+LCAAAAAAAAP9tjTEOwjAQBC9BFLSUPOIiISQKRJXWcsMLTGyME+vO2A5JxYv4Gn8gEImKLVY728zzBcsU4cjRYmuoc5Qah8H3dlo4cOwungds+YwNU2JvUJpBsjb1jJKzgTlFCQsBK0ON5+TIZliLVt1V5RXZ6pTj9B0ElE7f4AGFmMxZxfyFMcLm2uvE9PP8FcAYMpTb3af24Q39YO2WvgAAAA==[0m[Pipeline] sh
+ rm -rf README.md angular.json app bind9 package-lock.json package.json prometheus_grafana public src terraform-project terraform-project@tmp tsconfig.app.json tsconfig.json tsconfig.spec.json
[8mha:////4B57bZtWMKeVAccGIAnNw3QHaz3H1VdC+KUW97ESv5naAAAApR+LCAAAAAAAAP9tjTEOwjAQBC9BFLSUPOIiIQokRJXWcsMLTGyME+vO2A5JxYv4Gn8gEImKLVY728zzBcsU4cjRYmuoc5Qah8H3dlo4cOwungds+YwNU2JvUJpBsjb1jJKzgTlFCQsBK0ON5+TIZliLVt1V5RXZ6pTj9B0ElE7f4AGFmMxZxfyFMcLm2uvE9PP8FcAYMpTb3af24Q0yfHURvgAAAA==[0m[Pipeline] git
The recommended git tool is: NONE
No credentials specified
 > git rev-parse --resolve-git-dir /var/jenkins_home/workspace/stickers_app_project/.git # timeout=10
Fetching changes from the remote Git repository
 > git config remote.origin.url https://github.com/marci0929/devops_project.git # timeout=10
Fetching upstream changes from https://github.com/marci0929/devops_project.git
 > git --version # timeout=10
 > git --version # 'git version 2.39.5'
 > git fetch --tags --force --progress -- https://github.com/marci0929/devops_project.git +refs/heads/*:refs/remotes/origin/* # timeout=10
 > git rev-parse refs/remotes/origin/master^{commit} # timeout=10
Checking out Revision 4c802d6f7acdec81cff1c54ef05d0b50c67ec4cd (refs/remotes/origin/master)
 > git config core.sparsecheckout # timeout=10
 > git checkout -f 4c802d6f7acdec81cff1c54ef05d0b50c67ec4cd # timeout=10
 > git branch -a -v --no-abbrev # timeout=10
 > git branch -D master # timeout=10
 > git checkout -b master 4c802d6f7acdec81cff1c54ef05d0b50c67ec4cd # timeout=10
Commit message: "Add jenkins config"
 > git rev-list --no-walk 4c802d6f7acdec81cff1c54ef05d0b50c67ec4cd # timeout=10
[8mha:////4MLPWPwqSZFwdOF7TELSvik45VnAIKTy+pJSnLlM2vvEAAAApR+LCAAAAAAAAP9tjTEOwjAQBC9BFLSUPOIiIRqEqNJabniBiY1xYt0Z2yGpeBFf4w8EIlGxxWpnm3m+YJkiHDlabA11jlLjMPjeTgsHjt3F84Atn7FhSuwNSjNI1qaeUXI2MKcoYSFgZajxnBzZDGvRqruqvCJbnXKcvoOA0ukbPKAQkzmrmL8wRthce52Yfp6/AhhDyFBu95/avQE2e00svgAAAA==[0m[Pipeline] }
[8mha:////4LHTthbrezasqZXI3e/xttPRiBdBhKEobmli54KGMijsAAAApB+LCAAAAAAAAP9tjTEOwjAQBC9BFLSUPOKCSImo0lppeIGJjXFi3RnbIal4EV/jD1hEomKL1c4283rDOgY4cTDYaxosxc6id6PJCycOw9XxhD1fsGOK7DS2empZ6WbBlpOGJUUJKwEbTZ3jaMkk2IpePmTlJJnqnEL+jgJKq+7whEJkc5IhfWEOsLuNKjL9PH8FMHufoKz3uQ71B+m0UTO+AAAA[0m[Pipeline] // withEnv
[8mha:////4OtgcSG8C2nAoW/4Y1qYX4UoC46LQc3LYHQw+KGm1a9RAAAApR+LCAAAAAAAAP9tjTEOwjAQBC9BFLSUPOKiiAYJUaW10vACExvjxLoztkNS8SK+xh+wiETFFqudbeb1hnUMcOJgsNc0WIqdRe9GkxdOHIar4wl7vmDHFNlpbPXUstLNgi0nDUuKElYCNpo6x9GSSbAVvXzIykky1TmF/B0FlFbd4QmFyOYkQ/rCHGB3G1Vk+nn+CmD2PkG5r3PVhw8H7fJEvgAAAA==[0m[Pipeline] }
[8mha:////4MDdlrPAdbv6Oj80FWaeNae3nwRSccp2YWAmTdka93SAAAAApR+LCAAAAAAAAP9tjTEOwjAQBC9BFLSUPOIioKBAqWgtN7zAJMY4se6C7eBUvIiv8QcsIlGxxWpnm3m9YRk81OwNdpp6S6GxOLjR5IWJfX91nLDjCzZMgZ1GqZPkVp9mlBw1zClKWAhYaWocB0smwlp06qEqp8hU5+jzdxRQ2vYOTyhENkfl4xcmD5vb2Aamn+evAKZhiFDud7m2hw84gtlSvgAAAA==[0m[Pipeline] // stage
[8mha:////4AW7C+HI0xLsxuYNlvERPHb+M4ekNc7bi6sD8NxTyYaoAAAAqB+LCAAAAAAAAP9tjTEOwjAUQ3+LOrAycohUqBILYuoaZeEEIQkhbfR/SVLaiRNxNe5AoBITHizbkvWeL6higCMFyzqDvcOoHBv8aHNiE4X+4mliHZ2ZIozkDRNmEqRNu1RBycCiooQVh7VB5Sk6tAk2vJN3WXuJtj6lkLcDh9LpGzyg4JmcZEjfMgfYXkcdCX+cvwCYhwTlbp+taT7P6g1g21LuwgAAAA==[0m[Pipeline] stage
[8mha:////4Mg6xRPukfzBBTUWCw3oNfvNh1dj7AHRmR12h+ciT4FQAAAAph+LCAAAAAAAAP9tjTEOwjAUQ3+LOrAycoh0KBtiYo2ycILQhJA0+r9NUtKJE3E17kBLJSY8WLYl673eUMUAJwqGOY2dxdha1vvRzIllCt3NU2aOrqwljOQ1EzoLUvq8VkFJw6qihA2HrcbWU7RoEuy4kw9Ze4mmvqQwb0cOpVUDPKHgMznJkL5lCrC/jyoS/jh/ATD1CcqmWeywPKsPBdk7bsIAAAA=[0m[Pipeline] { (Deploy)
[8mha:////4AdxuxvjdYfP3hJjdbxNbbqlonBX6sL/wDBoUWO4lRE5AAAApB+LCAAAAAAAAP9tjTEOwjAQBC9BFLSUPOJSABWiSmu54QUmNsaJdWdsh6TiRXyNPxCIRMUWq51t5vmCZYpw5GixNdQ5So3D4Hs7LRw4dhfPA7Z8xoYpsTcozSBZm3pGydnAnKKEhYCVocZzcmQzrEWr7qryimx1ynH6DgJKp2/wgEJM5qxi/sIYYXPtdWL6ef4KYAwZyu3uU/vwBtZos2m+AAAA[0m[Pipeline] tool
[8mha:////4OMdglxK6TSCL7dCIOTO53FPNv/MQBBCtoSVFtmfwRIvAAAApB+LCAAAAAAAAP9tjTEOwjAQBC9BFLSUPOJSgGgQVVrLDS8wsTFOrDtjOyQVL+Jr/IFAJCq2WO1sM88XLFOEI0eLraHOUWocBt/baeHAsbt4HrDlMzZMib1BaQbJ2tQzSs4G5hQlLASsDDWekyObYS1adVeVV2SrU47TdxBQOn2DBxRiMmcV8xfGCJtrrxPTz/NXAGPIUG53n9qHNxU7nkK+AAAA[0m[Pipeline] envVarsForTool
[8mha:////4N1DUF45hMG4tv8rJL6HO9FwmnfT3o/ajFEuGw4Rbz9OAAAApR+LCAAAAAAAAP9tjTEOwjAQBC9BFLSUPOJSgESBqNJabniBiY1xYt0Z2yGpeBFf4w8EIlGxxWpnm3m+YJkiHDlabA11jlLjMPjeTgsHjt3F84Atn7FhSuwNSjNI1qaeUXI2MKcoYSFgZajxnBzZDGvRqruqvCJbnXKcvoOA0ukbPKAQkzmrmL8wRthce52Yfp6/AhhDhnK7+9Q+vAFUCoVbvgAAAA==[0m[Pipeline] tool
[8mha:////4EblLBNJ2kktgDoYecx7pTvALjVh04U9XsfOIsgfF01uAAAApR+LCAAAAAAAAP9tjTEOwjAQBC9BFLSUPOJSQIGEqNJabniBiY1xYt0Z2yGpeBFf4w8EIlGxxWpnm3m+YJkiHDlabA11jlLjMPjeTgsHjt3F84Atn7FhSuwNSjNI1qaeUXI2MKcoYSFgZajxnBzZDGvRqruqvCJbnXKcvoOA0ukbPKAQkzmrmL8wRthce52Yfp6/AhhDhnK7+9Q+vAGbFh3cvgAAAA==[0m[Pipeline] envVarsForTool
[8mha:////4HJpxi680yKPvYRfJlG2zva+a53mxfQCAjWPlOfIwSQ7AAAApx+LCAAAAAAAAP9tjTEOwjAUQ3+LOrAycoh0gAUhpq5RFk4QmhDSRv+Xn5R24kRcjTvQUokJD5ZtyXqvNxSR4UTsRGOx9RhrL7rQuymJgbi9BhpEQxdRE0YKVig7KDK2WqqiZGFRlsNKwtpiHSh6dAk2stEPXQaNrjwnnrajhNybOzwhkxM5aU7fMjJsb72JhD/OXwCMXYJ8t5/tMD+LD1jfnvvCAAAA[0m[Pipeline] withEnv
[8mha:////4OF5TsNm15n9Dx82GrDOYabNYTRRwQLsXU+HaTTbnk5vAAAAqB+LCAAAAAAAAP9tjTEOwjAUQ3+LOrAycogUCRaEOrFGXThBaEJIGv1fkpR04kRcjTsQqMSEB8u2ZL3nC6rgoSGvmVXYGwydYYMbdU4ske8vjhKzdGYdYSCnWKtSS1Id59pSVDCrKGHBYamwcxQM6ggrbsVd1E6grk/R5+3AoTTyBg8oeCZH4eO3TB7W11EGwh/nLwCmIUK53WfbbT7P6g0Z/aLSwgAAAA==[0m[Pipeline] {
[8mha:////4Lap2mXqNOTaoz0xsyDPW/ls/uJVsVVh/yNra/0utZ1OAAAApB+LCAAAAAAAAP9tjTEOwjAQBC9BFLSUPOICEh2iSmu54QUmNsaJdWdsh6TiRXyNPxCIRMUWq51t5vmCZYpw5GixNdQ5So3D4Hs7LRw4dhfPA7Z8xoYpsTcozSBZm3pGydnAnKKEhYCVocZzcmQzrEWr7qryimx1ynH6DgJKp2/wgEJM5qxi/sIYYXPtdWL6ef4KYAwZyv32U7vwBl2WGva+AAAA[0m[Pipeline] echo
Deploying the application...
[8mha:////4HgXmHVw7MBUb0OP30eDgeGyB3vY+wEbbKNKZ6YMHL3fAAAApx+LCAAAAAAAAP9tjTEOwjAUQ3+LOrAycogUITbE1DXKwglCE0La6P/yk9JOnIircQdaKjHhwbItWe/1hiIynIidaCy2HmPtRRd6NyUxELfXQINo6CJqwkjBCmUHRcZWS1WULCzKclhJWFusA0WPLsFGNvqhy6DRlefE03aUkHtzhydkciInzelbRobtrTeR8Mf5C4CxS5AfdrPt52fxARiLv5DCAAAA[0m[Pipeline] dir
Running in /var/jenkins_home/workspace/stickers_app_project/terraform-project
[8mha:////4JnXHK0HYtdEQGf0EHsriw24IUB81PpSXNk3/WL2NCPZAAAApx+LCAAAAAAAAP9tjTEOwjAUQ3+LOrAycohUAjbE1DXKwglCE0La6P/yk9JOnIircQdaKjHhwbItWe/1hiIynIidaCy2HmPtRRd6NyUxELfXQINo6CJqwkjBCmUHRcZWS1WULCzKclhJWFusA0WPLsFGNvqhy6DRlefE03aUkHtzhydkciInzelbRobtrTeR8Mf5C4CxS5AfdrPt52fxAXzhjwPCAAAA[0m[Pipeline] {
[8mha:////4OcBbmV8eOir4U+chFBbRrnIGRfTnvWw8PJ5o+caeYCVAAAAox+LCAAAAAAAAP9tjTEOwjAQBC9BFLSUPOJSkA5R0VppeIFJjLFj3Tm2g1PxIr7GHwhEomKL1c4283zBOgY4ctBoFfWGYmvQu1HPCzOH/uo4o+ULtkyRncJG5YY7dVqw4aRgSVHCSsBGUes4GtIJtsLKu6ycJF2dU5i/g4DSdAM8oBCzOcmQvjAF2N3GLjL9PH8FMPkEZb3/VO3fhXiFur4AAAA=[0m[Pipeline] sh
+ terraform init
[0m[1mInitializing the backend...[0m
[0m[1mInitializing modules...[0m
- stickers-app in modules/stickers-app/docker
[0m[1mInitializing provider plugins...[0m
- Finding kreuzwerker/docker versions matching "~> 3.0.0"...
- Installing kreuzwerker/docker v3.0.2...
- Installed kreuzwerker/docker v3.0.2 (self-signed, key ID [0m[1mBD080C4571C6104C[0m[0m)
Partner and community providers are signed by their developers.
If you'd like to know more about provider signing, you can read about it here:
https://www.terraform.io/docs/cli/plugins/signing.html
Terraform has created a lock file [1m.terraform.lock.hcl[0m to record the provider
selections it made above. Include this file in your version control repository
so that Terraform can guarantee to make the same selections by default when
you run "terraform init" in the future.[0m

[0m[1m[32mTerraform has been successfully initialized![0m[32m[0m
[0m[32m
You may now begin working with Terraform. Try running "terraform plan" to see
any changes that are required for your infrastructure. All Terraform commands
should now work.

If you ever set or change modules or backend configuration for Terraform,
rerun this command to reinitialize your working directory. If you forget, other
commands will detect it and remind you to do so if necessary.[0m
[8mha:////4GvPvVHnKiPwtZHv4b1AjnLZIWBayzoLWjV8/vNJxJlmAAAApB+LCAAAAAAAAP9tjTEOwjAQBC9BFLSUPOJSABWiSmu54QUmNsaJdWdsh6TiRXyNPxCIRMUWq51t5vmCZYpw5GixNdQ5So3D4Hs7LRw4dhfPA7Z8xoYpsTcozSBZm3pGydnAnKKEhYCVocZzcmQzrEWr7qryimx1ynH6DgJKp2/wgEJM5qxi/sIYYXPtdWL6ef4KYAwZyt32U/vwBsRJnqO+AAAA[0m[Pipeline] sh
+ terraform apply -auto-approve

Terraform used the selected providers to generate the following execution
plan. Resource actions are indicated with the following symbols:
  [32m+[0m create[0m

Terraform will perform the following actions:

[1m  # module.stickers-app.docker_container.stickers-app[0][0m will be created
[0m  [32m+[0m[0m resource "docker_container" "stickers-app" {
      [32m+[0m[0m attach                                      = false
      [32m+[0m[0m bridge                                      = (known after apply)
      [32m+[0m[0m command                                     = (known after apply)
      [32m+[0m[0m container_logs                              = (known after apply)
      [32m+[0m[0m container_read_refresh_timeout_milliseconds = 15000
      [32m+[0m[0m entrypoint                                  = (known after apply)
      [32m+[0m[0m env                                         = (known after apply)
      [32m+[0m[0m exit_code                                   = (known after apply)
      [32m+[0m[0m hostname                                    = (known after apply)
      [32m+[0m[0m id                                          = (known after apply)
      [32m+[0m[0m image                                       = (known after apply)
      [32m+[0m[0m init                                        = (known after apply)
      [32m+[0m[0m ipc_mode                                    = (known after apply)
      [32m+[0m[0m log_driver                                  = (known after apply)
      [32m+[0m[0m logs                                        = true
      [32m+[0m[0m memory                                      = 1024
      [32m+[0m[0m must_run                                    = true
      [32m+[0m[0m name                                        = "stickers-app-1"
      [32m+[0m[0m network_data                                = (known after apply)
      [32m+[0m[0m read_only                                   = false
      [32m+[0m[0m remove_volumes                              = true
      [32m+[0m[0m restart                                     = "on-failure"
      [32m+[0m[0m rm                                          = false
      [32m+[0m[0m runtime                                     = (known after apply)
      [32m+[0m[0m security_opts                               = (known after apply)
      [32m+[0m[0m shm_size                                    = (known after apply)
      [32m+[0m[0m start                                       = true
      [32m+[0m[0m stdin_open                                  = false
      [32m+[0m[0m stop_signal                                 = (known after apply)
      [32m+[0m[0m stop_timeout                                = (known after apply)
      [32m+[0m[0m tty                                         = false
      [32m+[0m[0m wait                                        = false
      [32m+[0m[0m wait_timeout                                = 60

      [32m+[0m[0m healthcheck {
          [32m+[0m[0m interval     = "30s"
          [32m+[0m[0m retries      = 3
          [32m+[0m[0m start_period = "40s"
          [32m+[0m[0m test         = [
              [32m+[0m[0m "CMD",
              [32m+[0m[0m "curl",
              [32m+[0m[0m "-f",
              [32m+[0m[0m "http://localhost:4200/",
            ]
          [32m+[0m[0m timeout      = "10s"
        }

      [32m+[0m[0m labels (known after apply)

      [32m+[0m[0m ports {
          [32m+[0m[0m external = 4200
          [32m+[0m[0m internal = 4200
          [32m+[0m[0m ip       = "0.0.0.0"
          [32m+[0m[0m protocol = "tcp"
        }
    }

[1m  # module.stickers-app.docker_container.stickers-app[1][0m will be created
[0m  [32m+[0m[0m resource "docker_container" "stickers-app" {
      [32m+[0m[0m attach                                      = false
      [32m+[0m[0m bridge                                      = (known after apply)
      [32m+[0m[0m command                                     = (known after apply)
      [32m+[0m[0m container_logs                              = (known after apply)
      [32m+[0m[0m container_read_refresh_timeout_milliseconds = 15000
      [32m+[0m[0m entrypoint                                  = (known after apply)
      [32m+[0m[0m env                                         = (known after apply)
      [32m+[0m[0m exit_code                                   = (known after apply)
      [32m+[0m[0m hostname                                    = (known after apply)
      [32m+[0m[0m id                                          = (known after apply)
      [32m+[0m[0m image                                       = (known after apply)
      [32m+[0m[0m init                                        = (known after apply)
      [32m+[0m[0m ipc_mode                                    = (known after apply)
      [32m+[0m[0m log_driver                                  = (known after apply)
      [32m+[0m[0m logs                                        = true
      [32m+[0m[0m memory                                      = 1024
      [32m+[0m[0m must_run                                    = true
      [32m+[0m[0m name                                        = "stickers-app-2"
      [32m+[0m[0m network_data                                = (known after apply)
      [32m+[0m[0m read_only                                   = false
      [32m+[0m[0m remove_volumes                              = true
      [32m+[0m[0m restart                                     = "on-failure"
      [32m+[0m[0m rm                                          = false
      [32m+[0m[0m runtime                                     = (known after apply)
      [32m+[0m[0m security_opts                               = (known after apply)
      [32m+[0m[0m shm_size                                    = (known after apply)
      [32m+[0m[0m start                                       = true
      [32m+[0m[0m stdin_open                                  = false
      [32m+[0m[0m stop_signal                                 = (known after apply)
      [32m+[0m[0m stop_timeout                                = (known after apply)
      [32m+[0m[0m tty                                         = false
      [32m+[0m[0m wait                                        = false
      [32m+[0m[0m wait_timeout                                = 60

      [32m+[0m[0m healthcheck {
          [32m+[0m[0m interval     = "30s"
          [32m+[0m[0m retries      = 3
          [32m+[0m[0m start_period = "40s"
          [32m+[0m[0m test         = [
              [32m+[0m[0m "CMD",
              [32m+[0m[0m "curl",
              [32m+[0m[0m "-f",
              [32m+[0m[0m "http://localhost:4200/",
            ]
          [32m+[0m[0m timeout      = "10s"
        }

      [32m+[0m[0m labels (known after apply)

      [32m+[0m[0m ports {
          [32m+[0m[0m external = 4201
          [32m+[0m[0m internal = 4200
          [32m+[0m[0m ip       = "0.0.0.0"
          [32m+[0m[0m protocol = "tcp"
        }
    }

[1m  # module.stickers-app.docker_image.stickers-app[0m will be created
[0m  [32m+[0m[0m resource "docker_image" "stickers-app" {
      [32m+[0m[0m id          = (known after apply)
      [32m+[0m[0m image_id    = (known after apply)
      [32m+[0m[0m name        = "stickers-app:latest"
      [32m+[0m[0m repo_digest = (known after apply)

      [32m+[0m[0m build {
          [32m+[0m[0m cache_from     = []
          [32m+[0m[0m context        = "."
          [32m+[0m[0m dockerfile     = "Dockerfile_stickers-app"
          [32m+[0m[0m extra_hosts    = []
          [32m+[0m[0m no_cache       = true
          [32m+[0m[0m remove         = true
          [32m+[0m[0m security_opt   = []
          [32m+[0m[0m tag            = [
              [32m+[0m[0m "stickers-app:latest",
            ]
            [90m# (11 unchanged attributes hidden)[0m[0m
        }
    }

[1mPlan:[0m 3 to add, 0 to change, 0 to destroy.
[0m[0m[1mmodule.stickers-app.docker_image.stickers-app: Creating...[0m[0m
[0m[1mmodule.stickers-app.docker_image.stickers-app: Still creating... [10s elapsed][0m[0m
[0m[1mmodule.stickers-app.docker_image.stickers-app: Still creating... [20s elapsed][0m[0m
[0m[1mmodule.stickers-app.docker_image.stickers-app: Still creating... [30s elapsed][0m[0m
[0m[1mmodule.stickers-app.docker_image.stickers-app: Still creating... [40s elapsed][0m[0m
[0m[1mmodule.stickers-app.docker_image.stickers-app: Still creating... [50s elapsed][0m[0m
[0m[1mmodule.stickers-app.docker_image.stickers-app: Still creating... [1m0s elapsed][0m[0m
[0m[1mmodule.stickers-app.docker_image.stickers-app: Still creating... [1m10s elapsed][0m[0m
[0m[1mmodule.stickers-app.docker_image.stickers-app: Still creating... [1m20s elapsed][0m[0m
[0m[1mmodule.stickers-app.docker_image.stickers-app: Still creating... [1m30s elapsed][0m[0m
[0m[1mmodule.stickers-app.docker_image.stickers-app: Still creating... [1m40s elapsed][0m[0m
[0m[1mmodule.stickers-app.docker_image.stickers-app: Still creating... [1m50s elapsed][0m[0m
[0m[1mmodule.stickers-app.docker_image.stickers-app: Still creating... [2m0s elapsed][0m[0m
[0m[1mmodule.stickers-app.docker_image.stickers-app: Still creating... [2m10s elapsed][0m[0m
[0m[1mmodule.stickers-app.docker_image.stickers-app: Still creating... [2m20s elapsed][0m[0m
[0m[1mmodule.stickers-app.docker_image.stickers-app: Still creating... [2m30s elapsed][0m[0m
